{
  "name": "tail-latest-sequentially-named-file",
  "version": "0.1.0",
  "lockfileVersion": 2,
  "requires": true,
  "packages": {
    "": {
      "version": "0.1.0",
      "license": "MIT",
      "dependencies": {
        "tailing-stream": "^0.2.0"
      }
    },
    "node_modules/tailing-stream": {
      "version": "0.2.0",
      "resolved": "https://registry.npmjs.org/tailing-stream/-/tailing-stream-0.2.0.tgz",
      "integrity": "sha1-SRhHFZU2nZmI/FVzmBaMkagn7Pk=",
      "engines": {
        "node": ">=0.6.0"
      }
    }
  },
  "dependencies": {
    "tailing-stream": {
      "version": "0.2.0",
      "resolved": "https://registry.npmjs.org/tailing-stream/-/tailing-stream-0.2.0.tgz",
      "integrity": "sha1-SRhHFZU2nZmI/FVzmBaMkagn7Pk="
    }
  }
}
